
Microsoft Visual Studio Solution File, Format Version 12.00
# Visual Studio 15
VisualStudioVersion = 15.0.28307.489
MinimumVisualStudioVersion = 10.0.40219.1
Project("{2150E333-8FDC-42A3-9474-1A3956D46DE8}") = "Solution Items", "Solution Items", "{86C2C3C9-5C3A-4A55-A31B-04E577E7F18A}"
	ProjectSection(SolutionItems) = preProject
		..\readme.md = ..\readme.md
	EndProjectSection
EndProject
Project("{FAE04EC0-301F-11D3-BF4B-00C04F79EFBC}") = "CefLibs", "CefLibs\CefLibs.csproj", "{319FA17E-97E5-4B31-BA18-737618B3F6D4}"
EndProject
Project("{FAE04EC0-301F-11D3-BF4B-00C04F79EFBC}") = "WpfApp1", "WpfApp1\WpfApp1.csproj", "{2703BD2F-D5D7-44F6-BEE2-276A7FE6100C}"
EndProject
Project("{FAE04EC0-301F-11D3-BF4B-00C04F79EFBC}") = "WpfApp2", "WpfApp2\WpfApp2.csproj", "{E6E768ED-5CE5-4148-85CF-B2636F25C889}"
EndProject
Project("{FAE04EC0-301F-11D3-BF4B-00C04F79EFBC}") = "WpfApp3", "WpfApp3\WpfApp3.csproj", "{0FAF805B-498A-433D-BFA3-E5356A86CAA2}"
EndProject
Project("{FAE04EC0-301F-11D3-BF4B-00C04F79EFBC}") = "WpfApp4", "WpfApp4\WpfApp4.csproj", "{5B091644-04A6-461F-A90C-9389BC3472BD}"
EndProject
Project("{FAE04EC0-301F-11D3-BF4B-00C04F79EFBC}") = "CallbackDemo", "CallbackDemo\CallbackDemo.csproj", "{E49C7AF2-E45D-44DA-8BCF-BC26D7E4ED0A}"
EndProject
Project("{FAE04EC0-301F-11D3-BF4B-00C04F79EFBC}") = "GifDemo", "GifDemo\GifDemo.csproj", "{E1D1E8FB-A601-46E3-95FE-CA14149A4944}"
EndProject
Project("{FAE04EC0-301F-11D3-BF4B-00C04F79EFBC}") = "KeyDemo", "KeyDemo\KeyDemo.csproj", "{FE5E7971-9CDF-4824-A077-64342AFBB89C}"
EndProject
Project("{FAE04EC0-301F-11D3-BF4B-00C04F79EFBC}") = "VideoDemo", "VideoDemo\VideoDemo.csproj", "{93BDB8E8-86FA-429A-8701-F8134367AC45}"
EndProject
Project("{FAE04EC0-301F-11D3-BF4B-00C04F79EFBC}") = "EnvironmentInfoDemo", "EnvironmentInfoDemo\EnvironmentInfoDemo.csproj", "{9F809F9A-6683-4319-9C97-30B7AA906ECF}"
EndProject
Project("{FAE04EC0-301F-11D3-BF4B-00C04F79EFBC}") = "MyWpfApp", "MyWpfApp\MyWpfApp.csproj", "{1142271C-5602-4D88-AD49-1605A02486EA}"
EndProject
Project("{FAE04EC0-301F-11D3-BF4B-00C04F79EFBC}") = "MyResources", "MyResources\MyResources.csproj", "{081F8FA5-AB6C-4716-BC9E-0D981547B960}"
EndProject
Project("{FAE04EC0-301F-11D3-BF4B-00C04F79EFBC}") = "MyCommon", "MyCommon\MyCommon.csproj", "{E4EC1967-6B0B-4C87-8E10-4CD26BF72A75}"
EndProject
Project("{2150E333-8FDC-42A3-9474-1A3956D46DE8}") = "Temp", "Temp", "{3C44FC42-475C-4DDD-AF43-8FEA9C068FD6}"
EndProject
Global
	GlobalSection(SolutionConfigurationPlatforms) = preSolution
		Debug|Any CPU = Debug|Any CPU
		Debug|x64 = Debug|x64
		Release|Any CPU = Release|Any CPU
		Release|x64 = Release|x64
	EndGlobalSection
	GlobalSection(ProjectConfigurationPlatforms) = postSolution
		{319FA17E-97E5-4B31-BA18-737618B3F6D4}.Debug|Any CPU.ActiveCfg = Debug|Any CPU
		{319FA17E-97E5-4B31-BA18-737618B3F6D4}.Debug|Any CPU.Build.0 = Debug|Any CPU
		{319FA17E-97E5-4B31-BA18-737618B3F6D4}.Debug|x64.ActiveCfg = Debug|x64
		{319FA17E-97E5-4B31-BA18-737618B3F6D4}.Debug|x64.Build.0 = Debug|x64
		{319FA17E-97E5-4B31-BA18-737618B3F6D4}.Release|Any CPU.ActiveCfg = Release|Any CPU
		{319FA17E-97E5-4B31-BA18-737618B3F6D4}.Release|Any CPU.Build.0 = Release|Any CPU
		{319FA17E-97E5-4B31-BA18-737618B3F6D4}.Release|x64.ActiveCfg = Release|x64
		{319FA17E-97E5-4B31-BA18-737618B3F6D4}.Release|x64.Build.0 = Release|x64
		{2703BD2F-D5D7-44F6-BEE2-276A7FE6100C}.Debug|Any CPU.ActiveCfg = Debug|Any CPU
		{2703BD2F-D5D7-44F6-BEE2-276A7FE6100C}.Debug|Any CPU.Build.0 = Debug|Any CPU
		{2703BD2F-D5D7-44F6-BEE2-276A7FE6100C}.Debug|x64.ActiveCfg = Debug|Any CPU
		{2703BD2F-D5D7-44F6-BEE2-276A7FE6100C}.Debug|x64.Build.0 = Debug|Any CPU
		{2703BD2F-D5D7-44F6-BEE2-276A7FE6100C}.Release|Any CPU.ActiveCfg = Release|Any CPU
		{2703BD2F-D5D7-44F6-BEE2-276A7FE6100C}.Release|Any CPU.Build.0 = Release|Any CPU
		{2703BD2F-D5D7-44F6-BEE2-276A7FE6100C}.Release|x64.ActiveCfg = Release|Any CPU
		{2703BD2F-D5D7-44F6-BEE2-276A7FE6100C}.Release|x64.Build.0 = Release|Any CPU
		{E6E768ED-5CE5-4148-85CF-B2636F25C889}.Debug|Any CPU.ActiveCfg = Debug|Any CPU
		{E6E768ED-5CE5-4148-85CF-B2636F25C889}.Debug|Any CPU.Build.0 = Debug|Any CPU
		{E6E768ED-5CE5-4148-85CF-B2636F25C889}.Debug|x64.ActiveCfg = Debug|Any CPU
		{E6E768ED-5CE5-4148-85CF-B2636F25C889}.Debug|x64.Build.0 = Debug|Any CPU
		{E6E768ED-5CE5-4148-85CF-B2636F25C889}.Release|Any CPU.ActiveCfg = Release|Any CPU
		{E6E768ED-5CE5-4148-85CF-B2636F25C889}.Release|Any CPU.Build.0 = Release|Any CPU
		{E6E768ED-5CE5-4148-85CF-B2636F25C889}.Release|x64.ActiveCfg = Release|Any CPU
		{E6E768ED-5CE5-4148-85CF-B2636F25C889}.Release|x64.Build.0 = Release|Any CPU
		{0FAF805B-498A-433D-BFA3-E5356A86CAA2}.Debug|Any CPU.ActiveCfg = Debug|Any CPU
		{0FAF805B-498A-433D-BFA3-E5356A86CAA2}.Debug|Any CPU.Build.0 = Debug|Any CPU
		{0FAF805B-498A-433D-BFA3-E5356A86CAA2}.Debug|x64.ActiveCfg = Debug|Any CPU
		{0FAF805B-498A-433D-BFA3-E5356A86CAA2}.Debug|x64.Build.0 = Debug|Any CPU
		{0FAF805B-498A-433D-BFA3-E5356A86CAA2}.Release|Any CPU.ActiveCfg = Release|Any CPU
		{0FAF805B-498A-433D-BFA3-E5356A86CAA2}.Release|Any CPU.Build.0 = Release|Any CPU
		{0FAF805B-498A-433D-BFA3-E5356A86CAA2}.Release|x64.ActiveCfg = Release|Any CPU
		{0FAF805B-498A-433D-BFA3-E5356A86CAA2}.Release|x64.Build.0 = Release|Any CPU
		{5B091644-04A6-461F-A90C-9389BC3472BD}.Debug|Any CPU.ActiveCfg = Debug|Any CPU
		{5B091644-04A6-461F-A90C-9389BC3472BD}.Debug|Any CPU.Build.0 = Debug|Any CPU
		{5B091644-04A6-461F-A90C-9389BC3472BD}.Debug|x64.ActiveCfg = Debug|Any CPU
		{5B091644-04A6-461F-A90C-9389BC3472BD}.Debug|x64.Build.0 = Debug|Any CPU
		{5B091644-04A6-461F-A90C-9389BC3472BD}.Release|Any CPU.ActiveCfg = Release|Any CPU
		{5B091644-04A6-461F-A90C-9389BC3472BD}.Release|Any CPU.Build.0 = Release|Any CPU
		{5B091644-04A6-461F-A90C-9389BC3472BD}.Release|x64.ActiveCfg = Release|Any CPU
		{5B091644-04A6-461F-A90C-9389BC3472BD}.Release|x64.Build.0 = Release|Any CPU
		{E49C7AF2-E45D-44DA-8BCF-BC26D7E4ED0A}.Debug|Any CPU.ActiveCfg = Debug|Any CPU
		{E49C7AF2-E45D-44DA-8BCF-BC26D7E4ED0A}.Debug|Any CPU.Build.0 = Debug|Any CPU
		{E49C7AF2-E45D-44DA-8BCF-BC26D7E4ED0A}.Debug|x64.ActiveCfg = Debug|Any CPU
		{E49C7AF2-E45D-44DA-8BCF-BC26D7E4ED0A}.Debug|x64.Build.0 = Debug|Any CPU
		{E49C7AF2-E45D-44DA-8BCF-BC26D7E4ED0A}.Release|Any CPU.ActiveCfg = Release|Any CPU
		{E49C7AF2-E45D-44DA-8BCF-BC26D7E4ED0A}.Release|Any CPU.Build.0 = Release|Any CPU
		{E49C7AF2-E45D-44DA-8BCF-BC26D7E4ED0A}.Release|x64.ActiveCfg = Release|Any CPU
		{E49C7AF2-E45D-44DA-8BCF-BC26D7E4ED0A}.Release|x64.Build.0 = Release|Any CPU
		{E1D1E8FB-A601-46E3-95FE-CA14149A4944}.Debug|Any CPU.ActiveCfg = Debug|Any CPU
		{E1D1E8FB-A601-46E3-95FE-CA14149A4944}.Debug|Any CPU.Build.0 = Debug|Any CPU
		{E1D1E8FB-A601-46E3-95FE-CA14149A4944}.Debug|x64.ActiveCfg = Debug|Any CPU
		{E1D1E8FB-A601-46E3-95FE-CA14149A4944}.Debug|x64.Build.0 = Debug|Any CPU
		{E1D1E8FB-A601-46E3-95FE-CA14149A4944}.Release|Any CPU.ActiveCfg = Release|Any CPU
		{E1D1E8FB-A601-46E3-95FE-CA14149A4944}.Release|Any CPU.Build.0 = Release|Any CPU
		{E1D1E8FB-A601-46E3-95FE-CA14149A4944}.Release|x64.ActiveCfg = Release|Any CPU
		{E1D1E8FB-A601-46E3-95FE-CA14149A4944}.Release|x64.Build.0 = Release|Any CPU
		{FE5E7971-9CDF-4824-A077-64342AFBB89C}.Debug|Any CPU.ActiveCfg = Debug|Any CPU
		{FE5E7971-9CDF-4824-A077-64342AFBB89C}.Debug|Any CPU.Build.0 = Debug|Any CPU
		{FE5E7971-9CDF-4824-A077-64342AFBB89C}.Debug|x64.ActiveCfg = Debug|Any CPU
		{FE5E7971-9CDF-4824-A077-64342AFBB89C}.Debug|x64.Build.0 = Debug|Any CPU
		{FE5E7971-9CDF-4824-A077-64342AFBB89C}.Release|Any CPU.ActiveCfg = Release|Any CPU
		{FE5E7971-9CDF-4824-A077-64342AFBB89C}.Release|Any CPU.Build.0 = Release|Any CPU
		{FE5E7971-9CDF-4824-A077-64342AFBB89C}.Release|x64.ActiveCfg = Release|Any CPU
		{FE5E7971-9CDF-4824-A077-64342AFBB89C}.Release|x64.Build.0 = Release|Any CPU
		{93BDB8E8-86FA-429A-8701-F8134367AC45}.Debug|Any CPU.ActiveCfg = Debug|Any CPU
		{93BDB8E8-86FA-429A-8701-F8134367AC45}.Debug|Any CPU.Build.0 = Debug|Any CPU
		{93BDB8E8-86FA-429A-8701-F8134367AC45}.Debug|x64.ActiveCfg = Debug|Any CPU
		{93BDB8E8-86FA-429A-8701-F8134367AC45}.Debug|x64.Build.0 = Debug|Any CPU
		{93BDB8E8-86FA-429A-8701-F8134367AC45}.Release|Any CPU.ActiveCfg = Release|Any CPU
		{93BDB8E8-86FA-429A-8701-F8134367AC45}.Release|Any CPU.Build.0 = Release|Any CPU
		{93BDB8E8-86FA-429A-8701-F8134367AC45}.Release|x64.ActiveCfg = Release|Any CPU
		{93BDB8E8-86FA-429A-8701-F8134367AC45}.Release|x64.Build.0 = Release|Any CPU
		{9F809F9A-6683-4319-9C97-30B7AA906ECF}.Debug|Any CPU.ActiveCfg = Debug|Any CPU
		{9F809F9A-6683-4319-9C97-30B7AA906ECF}.Debug|Any CPU.Build.0 = Debug|Any CPU
		{9F809F9A-6683-4319-9C97-30B7AA906ECF}.Debug|x64.ActiveCfg = Debug|Any CPU
		{9F809F9A-6683-4319-9C97-30B7AA906ECF}.Debug|x64.Build.0 = Debug|Any CPU
		{9F809F9A-6683-4319-9C97-30B7AA906ECF}.Release|Any CPU.ActiveCfg = Release|Any CPU
		{9F809F9A-6683-4319-9C97-30B7AA906ECF}.Release|Any CPU.Build.0 = Release|Any CPU
		{9F809F9A-6683-4319-9C97-30B7AA906ECF}.Release|x64.ActiveCfg = Release|Any CPU
		{9F809F9A-6683-4319-9C97-30B7AA906ECF}.Release|x64.Build.0 = Release|Any CPU
		{1142271C-5602-4D88-AD49-1605A02486EA}.Debug|Any CPU.ActiveCfg = Debug|Any CPU
		{1142271C-5602-4D88-AD49-1605A02486EA}.Debug|Any CPU.Build.0 = Debug|Any CPU
		{1142271C-5602-4D88-AD49-1605A02486EA}.Debug|x64.ActiveCfg = Debug|Any CPU
		{1142271C-5602-4D88-AD49-1605A02486EA}.Debug|x64.Build.0 = Debug|Any CPU
		{1142271C-5602-4D88-AD49-1605A02486EA}.Release|Any CPU.ActiveCfg = Release|Any CPU
		{1142271C-5602-4D88-AD49-1605A02486EA}.Release|Any CPU.Build.0 = Release|Any CPU
		{1142271C-5602-4D88-AD49-1605A02486EA}.Release|x64.ActiveCfg = Release|Any CPU
		{1142271C-5602-4D88-AD49-1605A02486EA}.Release|x64.Build.0 = Release|Any CPU
		{081F8FA5-AB6C-4716-BC9E-0D981547B960}.Debug|Any CPU.ActiveCfg = Debug|Any CPU
		{081F8FA5-AB6C-4716-BC9E-0D981547B960}.Debug|Any CPU.Build.0 = Debug|Any CPU
		{081F8FA5-AB6C-4716-BC9E-0D981547B960}.Debug|x64.ActiveCfg = Debug|Any CPU
		{081F8FA5-AB6C-4716-BC9E-0D981547B960}.Debug|x64.Build.0 = Debug|Any CPU
		{081F8FA5-AB6C-4716-BC9E-0D981547B960}.Release|Any CPU.ActiveCfg = Release|Any CPU
		{081F8FA5-AB6C-4716-BC9E-0D981547B960}.Release|Any CPU.Build.0 = Release|Any CPU
		{081F8FA5-AB6C-4716-BC9E-0D981547B960}.Release|x64.ActiveCfg = Release|Any CPU
		{081F8FA5-AB6C-4716-BC9E-0D981547B960}.Release|x64.Build.0 = Release|Any CPU
		{E4EC1967-6B0B-4C87-8E10-4CD26BF72A75}.Debug|Any CPU.ActiveCfg = Debug|Any CPU
		{E4EC1967-6B0B-4C87-8E10-4CD26BF72A75}.Debug|Any CPU.Build.0 = Debug|Any CPU
		{E4EC1967-6B0B-4C87-8E10-4CD26BF72A75}.Debug|x64.ActiveCfg = Debug|Any CPU
		{E4EC1967-6B0B-4C87-8E10-4CD26BF72A75}.Debug|x64.Build.0 = Debug|Any CPU
		{E4EC1967-6B0B-4C87-8E10-4CD26BF72A75}.Release|Any CPU.ActiveCfg = Release|Any CPU
		{E4EC1967-6B0B-4C87-8E10-4CD26BF72A75}.Release|Any CPU.Build.0 = Release|Any CPU
		{E4EC1967-6B0B-4C87-8E10-4CD26BF72A75}.Release|x64.ActiveCfg = Release|Any CPU
		{E4EC1967-6B0B-4C87-8E10-4CD26BF72A75}.Release|x64.Build.0 = Release|Any CPU
	EndGlobalSection
	GlobalSection(SolutionProperties) = preSolution
		HideSolutionNode = FALSE
	EndGlobalSection
	GlobalSection(NestedProjects) = preSolution
		{319FA17E-97E5-4B31-BA18-737618B3F6D4} = {3C44FC42-475C-4DDD-AF43-8FEA9C068FD6}
		{2703BD2F-D5D7-44F6-BEE2-276A7FE6100C} = {3C44FC42-475C-4DDD-AF43-8FEA9C068FD6}
		{E6E768ED-5CE5-4148-85CF-B2636F25C889} = {3C44FC42-475C-4DDD-AF43-8FEA9C068FD6}
		{0FAF805B-498A-433D-BFA3-E5356A86CAA2} = {3C44FC42-475C-4DDD-AF43-8FEA9C068FD6}
		{5B091644-04A6-461F-A90C-9389BC3472BD} = {3C44FC42-475C-4DDD-AF43-8FEA9C068FD6}
		{E49C7AF2-E45D-44DA-8BCF-BC26D7E4ED0A} = {3C44FC42-475C-4DDD-AF43-8FEA9C068FD6}
		{E1D1E8FB-A601-46E3-95FE-CA14149A4944} = {3C44FC42-475C-4DDD-AF43-8FEA9C068FD6}
		{FE5E7971-9CDF-4824-A077-64342AFBB89C} = {3C44FC42-475C-4DDD-AF43-8FEA9C068FD6}
		{93BDB8E8-86FA-429A-8701-F8134367AC45} = {3C44FC42-475C-4DDD-AF43-8FEA9C068FD6}
		{9F809F9A-6683-4319-9C97-30B7AA906ECF} = {3C44FC42-475C-4DDD-AF43-8FEA9C068FD6}
	EndGlobalSection
	GlobalSection(ExtensibilityGlobals) = postSolution
		SolutionGuid = {6289A4D5-CDE0-4882-AB5B-D935E68A23B7}
	EndGlobalSection
EndGlobal
