
Microsoft Visual Studio Solution File, Format Version 12.00
# Visual Studio 15
VisualStudioVersion = 15.0.28307.489
MinimumVisualStudioVersion = 10.0.40219.1
Project("{2150E333-8FDC-42A3-9474-1A3956D46DE8}") = "Solution Items", "Solution Items", "{86C2C3C9-5C3A-4A55-A31B-04E577E7F18A}"
	ProjectSection(SolutionItems) = preProject
		..\readme.md = ..\readme.md
	EndProjectSection
EndProject
Project("{FAE04EC0-301F-11D3-BF4B-00C04F79EFBC}") = "CefLibs", "CefLibs\CefLibs.csproj", "{319FA17E-97E5-4B31-BA18-737618B3F6D4}"
EndProject
Project("{FAE04EC0-301F-11D3-BF4B-00C04F79EFBC}") = "WpfApp1", "WpfApp1\WpfApp1.csproj", "{2703BD2F-D5D7-44F6-BEE2-276A7FE6100C}"
EndProject
Global
	GlobalSection(SolutionConfigurationPlatforms) = preSolution
		Debug|Any CPU = Debug|Any CPU
		Release|Any CPU = Release|Any CPU
	EndGlobalSection
	GlobalSection(ProjectConfigurationPlatforms) = postSolution
		{319FA17E-97E5-4B31-BA18-737618B3F6D4}.Debug|Any CPU.ActiveCfg = Debug|Any CPU
		{319FA17E-97E5-4B31-BA18-737618B3F6D4}.Debug|Any CPU.Build.0 = Debug|Any CPU
		{319FA17E-97E5-4B31-BA18-737618B3F6D4}.Release|Any CPU.ActiveCfg = Release|Any CPU
		{319FA17E-97E5-4B31-BA18-737618B3F6D4}.Release|Any CPU.Build.0 = Release|Any CPU
		{2703BD2F-D5D7-44F6-BEE2-276A7FE6100C}.Debug|Any CPU.ActiveCfg = Debug|Any CPU
		{2703BD2F-D5D7-44F6-BEE2-276A7FE6100C}.Debug|Any CPU.Build.0 = Debug|Any CPU
		{2703BD2F-D5D7-44F6-BEE2-276A7FE6100C}.Release|Any CPU.ActiveCfg = Release|Any CPU
		{2703BD2F-D5D7-44F6-BEE2-276A7FE6100C}.Release|Any CPU.Build.0 = Release|Any CPU
	EndGlobalSection
	GlobalSection(SolutionProperties) = preSolution
		HideSolutionNode = FALSE
	EndGlobalSection
	GlobalSection(ExtensibilityGlobals) = postSolution
		SolutionGuid = {6289A4D5-CDE0-4882-AB5B-D935E68A23B7}
	EndGlobalSection
EndGlobal
